// !$*UTF8*$!
{
	archiveVersion = 1;
	classes = {
	};
	objectVersion = 46;
	objects = {

/* Begin PBXBuildFile section */
		9E0DA889229B2F8600E29BFD /* UIKit+SwiftyAttributes.swift in Sources */ = {isa = PBXBuildFile; fileRef = 9E0DA888229B2F8600E29BFD /* UIKit+SwiftyAttributes.swift */; };
		9E0DA88E229B34D800E29BFD /* UIKit+SwiftyAttributes_Tests.swift in Sources */ = {isa = PBXBuildFile; fileRef = 9E0DA88D229B34D800E29BFD /* UIKit+SwiftyAttributes_Tests.swift */; };
		9E28077022A424320097CE8A /* NSString+macOS.swift in Sources */ = {isa = PBXBuildFile; fileRef = 9E28076F22A424320097CE8A /* NSString+macOS.swift */; };
		9E351CDB22A3DDAC000FA7FC /* NSString_Tests.swift in Sources */ = {isa = PBXBuildFile; fileRef = 9E351CDA22A3DDAC000FA7FC /* NSString_Tests.swift */; };
		9EB6D1A322A1CAC300D00CFC /* NSString+SwiftyAttributes.swift in Sources */ = {isa = PBXBuildFile; fileRef = 9EB6D1A222A1CAC200D00CFC /* NSString+SwiftyAttributes.swift */; };
		C027C0C91DEA0A0100953C09 /* SpellingState_Tests.swift in Sources */ = {isa = PBXBuildFile; fileRef = C027C0C81DEA0A0100953C09 /* SpellingState_Tests.swift */; };
		C027C0CB1DEA452500953C09 /* Attribute+Sequence_Tests.swift in Sources */ = {isa = PBXBuildFile; fileRef = C027C0CA1DEA452500953C09 /* Attribute+Sequence_Tests.swift */; };
		C03658FA1DC859D80051F06D /* AppDelegate.swift in Sources */ = {isa = PBXBuildFile; fileRef = C03658F91DC859D80051F06D /* AppDelegate.swift */; };
		C03658FC1DC859D80051F06D /* ViewController.swift in Sources */ = {isa = PBXBuildFile; fileRef = C03658FB1DC859D80051F06D /* ViewController.swift */; };
		C03658FF1DC859D80051F06D /* Main.storyboard in Resources */ = {isa = PBXBuildFile; fileRef = C03658FD1DC859D80051F06D /* Main.storyboard */; };
		C03659011DC859D80051F06D /* Assets.xcassets in Resources */ = {isa = PBXBuildFile; fileRef = C03659001DC859D80051F06D /* Assets.xcassets */; };
		C03659041DC859D80051F06D /* LaunchScreen.storyboard in Resources */ = {isa = PBXBuildFile; fileRef = C03659021DC859D80051F06D /* LaunchScreen.storyboard */; };
		C03659091DC85AE40051F06D /* Images.xcassets in Resources */ = {isa = PBXBuildFile; fileRef = C03658EF1DC84B3F0051F06D /* Images.xcassets */; };
		C05082291DFA72F700D39B3B /* Attribute+Sequence.swift in Sources */ = {isa = PBXBuildFile; fileRef = C050821E1DFA72F700D39B3B /* Attribute+Sequence.swift */; };
		C050822A1DFA72F700D39B3B /* Attribute.swift in Sources */ = {isa = PBXBuildFile; fileRef = C050821F1DFA72F700D39B3B /* Attribute.swift */; };
		C050822C1DFA72F700D39B3B /* Ligatures.swift in Sources */ = {isa = PBXBuildFile; fileRef = C05082211DFA72F700D39B3B /* Ligatures.swift */; };
		C050822D1DFA72F700D39B3B /* NSAttributedString+SwiftyAttributes.swift in Sources */ = {isa = PBXBuildFile; fileRef = C05082221DFA72F700D39B3B /* NSAttributedString+SwiftyAttributes.swift */; };
		C050822E1DFA72F700D39B3B /* NSMutableAttributedString+SwiftyAttributes.swift in Sources */ = {isa = PBXBuildFile; fileRef = C05082231DFA72F700D39B3B /* NSMutableAttributedString+SwiftyAttributes.swift */; };
		C050822F1DFA72F700D39B3B /* Operators.swift in Sources */ = {isa = PBXBuildFile; fileRef = C05082241DFA72F700D39B3B /* Operators.swift */; };
		C05082301DFA72F700D39B3B /* String+SwiftyAttributes.swift in Sources */ = {isa = PBXBuildFile; fileRef = C05082251DFA72F700D39B3B /* String+SwiftyAttributes.swift */; };
		C05082311DFA72F700D39B3B /* TextEffect.swift in Sources */ = {isa = PBXBuildFile; fileRef = C05082261DFA72F700D39B3B /* TextEffect.swift */; };
		C05082321DFA72F700D39B3B /* VerticalGlyphForm.swift in Sources */ = {isa = PBXBuildFile; fileRef = C05082271DFA72F700D39B3B /* VerticalGlyphForm.swift */; };
		C05082331DFA72F700D39B3B /* WritingDirection.swift in Sources */ = {isa = PBXBuildFile; fileRef = C05082281DFA72F700D39B3B /* WritingDirection.swift */; };
		C0782E391DEAB30800E1B99F /* AppDelegate.swift in Sources */ = {isa = PBXBuildFile; fileRef = C0782E381DEAB30800E1B99F /* AppDelegate.swift */; };
		C0782E3B1DEAB30800E1B99F /* ViewController.swift in Sources */ = {isa = PBXBuildFile; fileRef = C0782E3A1DEAB30800E1B99F /* ViewController.swift */; };
		C0782E3D1DEAB30800E1B99F /* Assets.xcassets in Resources */ = {isa = PBXBuildFile; fileRef = C0782E3C1DEAB30800E1B99F /* Assets.xcassets */; };
		C0782E401DEAB30800E1B99F /* Main.storyboard in Resources */ = {isa = PBXBuildFile; fileRef = C0782E3E1DEAB30800E1B99F /* Main.storyboard */; };
		C09633E01DD806F600059332 /* SwiftyAttributes.h in Headers */ = {isa = PBXBuildFile; fileRef = C09633DC1DD8056000059332 /* SwiftyAttributes.h */; settings = {ATTRIBUTES = (Public, ); }; };
		C0DB42EC1DDED3500093A6FA /* NSAttributedString+macOS.swift in Sources */ = {isa = PBXBuildFile; fileRef = C0DB42EB1DDED3500093A6FA /* NSAttributedString+macOS.swift */; };
		C0E1C9541DD319D50068E85C /* SwiftyAttributes.framework in Frameworks */ = {isa = PBXBuildFile; fileRef = C0E1C94B1DD319D50068E85C /* SwiftyAttributes.framework */; };
		C0E1C96B1DD31A0D0068E85C /* NSMutableAttributedString_Tests.swift in Sources */ = {isa = PBXBuildFile; fileRef = C08D04121DC39B5500575F98 /* NSMutableAttributedString_Tests.swift */; };
		C0E1C96C1DD31A0D0068E85C /* NSAttributedString_Tests.swift in Sources */ = {isa = PBXBuildFile; fileRef = C08D04141DC3B16A00575F98 /* NSAttributedString_Tests.swift */; };
		C0E1C96D1DD31A0D0068E85C /* SwiftyAttributes_Tests.swift in Sources */ = {isa = PBXBuildFile; fileRef = C0E211581D9EC5C000623F02 /* SwiftyAttributes_Tests.swift */; };
		C0E1C96E1DD31A0D0068E85C /* WritingDirection_Tests.swift in Sources */ = {isa = PBXBuildFile; fileRef = C0335B631DC0877C009F9B51 /* WritingDirection_Tests.swift */; };
		C0E1C96F1DD31A0D0068E85C /* Operators_Tests.swift in Sources */ = {isa = PBXBuildFile; fileRef = C0335B651DC087A3009F9B51 /* Operators_Tests.swift */; };
		C0E1C9701DD31A0D0068E85C /* TextEffect_Tests.swift in Sources */ = {isa = PBXBuildFile; fileRef = C0D753FA1DC5C77E00BB9754 /* TextEffect_Tests.swift */; };
		C0E1C99C1DD31C640068E85C /* Images.xcassets in Resources */ = {isa = PBXBuildFile; fileRef = C03658EF1DC84B3F0051F06D /* Images.xcassets */; };
		C0F001761DDD8EA5009AD8E0 /* SpellingState.swift in Sources */ = {isa = PBXBuildFile; fileRef = C0F001751DDD8EA5009AD8E0 /* SpellingState.swift */; };
		C0F96A031DEDE1D300D039A4 /* VerticalGlyphForm_Tests.swift in Sources */ = {isa = PBXBuildFile; fileRef = C0F96A021DEDE1D300D039A4 /* VerticalGlyphForm_Tests.swift */; };
		C0F96A051DEDE23200D039A4 /* String+macOS.swift in Sources */ = {isa = PBXBuildFile; fileRef = C0F96A041DEDE23200D039A4 /* String+macOS.swift */; };
/* End PBXBuildFile section */

/* Begin PBXContainerItemProxy section */
		C0782E461DEABEED00E1B99F /* PBXContainerItemProxy */ = {
			isa = PBXContainerItemProxy;
			containerPortal = C0E211411D9EC5C000623F02 /* Project object */;
			proxyType = 1;
			remoteGlobalIDString = C0E1C94A1DD319D50068E85C;
			remoteInfo = SwiftyAttributes;
		};
		C0782E481DEABEF100E1B99F /* PBXContainerItemProxy */ = {
			isa = PBXContainerItemProxy;
			containerPortal = C0E211411D9EC5C000623F02 /* Project object */;
			proxyType = 1;
			remoteGlobalIDString = C0E1C94A1DD319D50068E85C;
			remoteInfo = SwiftyAttributes;
		};
		C0E1C9551DD319D50068E85C /* PBXContainerItemProxy */ = {
			isa = PBXContainerItemProxy;
			containerPortal = C0E211411D9EC5C000623F02 /* Project object */;
			proxyType = 1;
			remoteGlobalIDString = C0E1C94A1DD319D50068E85C;
			remoteInfo = "SwiftyAttributes-macOS";
		};
/* End PBXContainerItemProxy section */

/* Begin PBXFileReference section */
		9E0DA888229B2F8600E29BFD /* UIKit+SwiftyAttributes.swift */ = {isa = PBXFileReference; fileEncoding = 4; lastKnownFileType = sourcecode.swift; path = "UIKit+SwiftyAttributes.swift"; sourceTree = "<group>"; };
		9E0DA88D229B34D800E29BFD /* UIKit+SwiftyAttributes_Tests.swift */ = {isa = PBXFileReference; fileEncoding = 4; lastKnownFileType = sourcecode.swift; path = "UIKit+SwiftyAttributes_Tests.swift"; sourceTree = "<group>"; };
		9E28076F22A424320097CE8A /* NSString+macOS.swift */ = {isa = PBXFileReference; lastKnownFileType = sourcecode.swift; path = "NSString+macOS.swift"; sourceTree = "<group>"; };
		9E351CDA22A3DDAC000FA7FC /* NSString_Tests.swift */ = {isa = PBXFileReference; lastKnownFileType = sourcecode.swift; path = NSString_Tests.swift; sourceTree = "<group>"; };
		9EB6D1A222A1CAC200D00CFC /* NSString+SwiftyAttributes.swift */ = {isa = PBXFileReference; fileEncoding = 4; lastKnownFileType = sourcecode.swift; name = "NSString+SwiftyAttributes.swift"; path = "common/NSString+SwiftyAttributes.swift"; sourceTree = "<group>"; };
		C027C0C81DEA0A0100953C09 /* SpellingState_Tests.swift */ = {isa = PBXFileReference; fileEncoding = 4; lastKnownFileType = sourcecode.swift; path = SpellingState_Tests.swift; sourceTree = "<group>"; };
		C027C0CA1DEA452500953C09 /* Attribute+Sequence_Tests.swift */ = {isa = PBXFileReference; fileEncoding = 4; lastKnownFileType = sourcecode.swift; path = "Attribute+Sequence_Tests.swift"; sourceTree = "<group>"; };
		C0335B631DC0877C009F9B51 /* WritingDirection_Tests.swift */ = {isa = PBXFileReference; fileEncoding = 4; lastKnownFileType = sourcecode.swift; path = WritingDirection_Tests.swift; sourceTree = "<group>"; };
		C0335B651DC087A3009F9B51 /* Operators_Tests.swift */ = {isa = PBXFileReference; fileEncoding = 4; lastKnownFileType = sourcecode.swift; path = Operators_Tests.swift; sourceTree = "<group>"; };
		C03658EF1DC84B3F0051F06D /* Images.xcassets */ = {isa = PBXFileReference; lastKnownFileType = folder.assetcatalog; name = Images.xcassets; path = SwiftyAttributesTests/Images.xcassets; sourceTree = SOURCE_ROOT; };
		C03658F71DC859D80051F06D /* ExampleApp-iOS.app */ = {isa = PBXFileReference; explicitFileType = wrapper.application; includeInIndex = 0; path = "ExampleApp-iOS.app"; sourceTree = BUILT_PRODUCTS_DIR; };
		C03658F91DC859D80051F06D /* AppDelegate.swift */ = {isa = PBXFileReference; lastKnownFileType = sourcecode.swift; path = AppDelegate.swift; sourceTree = "<group>"; };
		C03658FB1DC859D80051F06D /* ViewController.swift */ = {isa = PBXFileReference; lastKnownFileType = sourcecode.swift; path = ViewController.swift; sourceTree = "<group>"; };
		C03658FE1DC859D80051F06D /* Base */ = {isa = PBXFileReference; lastKnownFileType = file.storyboard; name = Base; path = Base.lproj/Main.storyboard; sourceTree = "<group>"; };
		C03659001DC859D80051F06D /* Assets.xcassets */ = {isa = PBXFileReference; lastKnownFileType = folder.assetcatalog; path = Assets.xcassets; sourceTree = "<group>"; };
		C03659031DC859D80051F06D /* Base */ = {isa = PBXFileReference; lastKnownFileType = file.storyboard; name = Base; path = Base.lproj/LaunchScreen.storyboard; sourceTree = "<group>"; };
		C03659051DC859D80051F06D /* Info.plist */ = {isa = PBXFileReference; lastKnownFileType = text.plist.xml; path = Info.plist; sourceTree = "<group>"; };
		C050821E1DFA72F700D39B3B /* Attribute+Sequence.swift */ = {isa = PBXFileReference; fileEncoding = 4; lastKnownFileType = sourcecode.swift; name = "Attribute+Sequence.swift"; path = "common/Attribute+Sequence.swift"; sourceTree = "<group>"; };
		C050821F1DFA72F700D39B3B /* Attribute.swift */ = {isa = PBXFileReference; fileEncoding = 4; lastKnownFileType = sourcecode.swift; name = Attribute.swift; path = common/Attribute.swift; sourceTree = "<group>"; };
		C05082211DFA72F700D39B3B /* Ligatures.swift */ = {isa = PBXFileReference; fileEncoding = 4; lastKnownFileType = sourcecode.swift; name = Ligatures.swift; path = common/Ligatures.swift; sourceTree = "<group>"; };
		C05082221DFA72F700D39B3B /* NSAttributedString+SwiftyAttributes.swift */ = {isa = PBXFileReference; fileEncoding = 4; lastKnownFileType = sourcecode.swift; name = "NSAttributedString+SwiftyAttributes.swift"; path = "common/NSAttributedString+SwiftyAttributes.swift"; sourceTree = "<group>"; };
		C05082231DFA72F700D39B3B /* NSMutableAttributedString+SwiftyAttributes.swift */ = {isa = PBXFileReference; fileEncoding = 4; lastKnownFileType = sourcecode.swift; name = "NSMutableAttributedString+SwiftyAttributes.swift"; path = "common/NSMutableAttributedString+SwiftyAttributes.swift"; sourceTree = "<group>"; };
		C05082241DFA72F700D39B3B /* Operators.swift */ = {isa = PBXFileReference; fileEncoding = 4; lastKnownFileType = sourcecode.swift; name = Operators.swift; path = common/Operators.swift; sourceTree = "<group>"; };
		C05082251DFA72F700D39B3B /* String+SwiftyAttributes.swift */ = {isa = PBXFileReference; fileEncoding = 4; lastKnownFileType = sourcecode.swift; name = "String+SwiftyAttributes.swift"; path = "common/String+SwiftyAttributes.swift"; sourceTree = "<group>"; };
		C05082261DFA72F700D39B3B /* TextEffect.swift */ = {isa = PBXFileReference; fileEncoding = 4; lastKnownFileType = sourcecode.swift; name = TextEffect.swift; path = common/TextEffect.swift; sourceTree = "<group>"; };
		C05082271DFA72F700D39B3B /* VerticalGlyphForm.swift */ = {isa = PBXFileReference; fileEncoding = 4; lastKnownFileType = sourcecode.swift; name = VerticalGlyphForm.swift; path = common/VerticalGlyphForm.swift; sourceTree = "<group>"; };
		C05082281DFA72F700D39B3B /* WritingDirection.swift */ = {isa = PBXFileReference; fileEncoding = 4; lastKnownFileType = sourcecode.swift; name = WritingDirection.swift; path = common/WritingDirection.swift; sourceTree = "<group>"; };
		C0782E361DEAB30800E1B99F /* ExampleApp-macOS.app */ = {isa = PBXFileReference; explicitFileType = wrapper.application; includeInIndex = 0; path = "ExampleApp-macOS.app"; sourceTree = BUILT_PRODUCTS_DIR; };
		C0782E381DEAB30800E1B99F /* AppDelegate.swift */ = {isa = PBXFileReference; lastKnownFileType = sourcecode.swift; path = AppDelegate.swift; sourceTree = "<group>"; };
		C0782E3A1DEAB30800E1B99F /* ViewController.swift */ = {isa = PBXFileReference; lastKnownFileType = sourcecode.swift; path = ViewController.swift; sourceTree = "<group>"; };
		C0782E3C1DEAB30800E1B99F /* Assets.xcassets */ = {isa = PBXFileReference; lastKnownFileType = folder.assetcatalog; path = Assets.xcassets; sourceTree = "<group>"; };
		C0782E3F1DEAB30800E1B99F /* Base */ = {isa = PBXFileReference; lastKnownFileType = file.storyboard; name = Base; path = Base.lproj/Main.storyboard; sourceTree = "<group>"; };
		C0782E411DEAB30800E1B99F /* Info.plist */ = {isa = PBXFileReference; lastKnownFileType = text.plist.xml; path = Info.plist; sourceTree = "<group>"; };
		C08D04121DC39B5500575F98 /* NSMutableAttributedString_Tests.swift */ = {isa = PBXFileReference; fileEncoding = 4; lastKnownFileType = sourcecode.swift; path = NSMutableAttributedString_Tests.swift; sourceTree = "<group>"; };
		C08D04141DC3B16A00575F98 /* NSAttributedString_Tests.swift */ = {isa = PBXFileReference; fileEncoding = 4; lastKnownFileType = sourcecode.swift; path = NSAttributedString_Tests.swift; sourceTree = "<group>"; };
		C09633DA1DD8016800059332 /* Info.plist */ = {isa = PBXFileReference; fileEncoding = 4; lastKnownFileType = text.plist.xml; path = Info.plist; sourceTree = "<group>"; };
		C09633DC1DD8056000059332 /* SwiftyAttributes.h */ = {isa = PBXFileReference; fileEncoding = 4; lastKnownFileType = sourcecode.c.h; path = SwiftyAttributes.h; sourceTree = "<group>"; };
		C09633DE1DD8057A00059332 /* Info.plist */ = {isa = PBXFileReference; fileEncoding = 4; lastKnownFileType = text.plist.xml; path = Info.plist; sourceTree = "<group>"; };
		C0D753FA1DC5C77E00BB9754 /* TextEffect_Tests.swift */ = {isa = PBXFileReference; fileEncoding = 4; lastKnownFileType = sourcecode.swift; path = TextEffect_Tests.swift; sourceTree = "<group>"; };
		C0DB42EB1DDED3500093A6FA /* NSAttributedString+macOS.swift */ = {isa = PBXFileReference; fileEncoding = 4; lastKnownFileType = sourcecode.swift; path = "NSAttributedString+macOS.swift"; sourceTree = "<group>"; };
		C0E1C94B1DD319D50068E85C /* SwiftyAttributes.framework */ = {isa = PBXFileReference; explicitFileType = wrapper.framework; includeInIndex = 0; path = SwiftyAttributes.framework; sourceTree = BUILT_PRODUCTS_DIR; };
		C0E1C9531DD319D50068E85C /* SwiftyAttributesTests.xctest */ = {isa = PBXFileReference; explicitFileType = wrapper.cfbundle; includeInIndex = 0; path = SwiftyAttributesTests.xctest; sourceTree = BUILT_PRODUCTS_DIR; };
		C0E211581D9EC5C000623F02 /* SwiftyAttributes_Tests.swift */ = {isa = PBXFileReference; lastKnownFileType = sourcecode.swift; path = SwiftyAttributes_Tests.swift; sourceTree = "<group>"; };
		C0F001751DDD8EA5009AD8E0 /* SpellingState.swift */ = {isa = PBXFileReference; fileEncoding = 4; lastKnownFileType = sourcecode.swift; path = SpellingState.swift; sourceTree = "<group>"; };
		C0F96A021DEDE1D300D039A4 /* VerticalGlyphForm_Tests.swift */ = {isa = PBXFileReference; fileEncoding = 4; lastKnownFileType = sourcecode.swift; path = VerticalGlyphForm_Tests.swift; sourceTree = "<group>"; };
		C0F96A041DEDE23200D039A4 /* String+macOS.swift */ = {isa = PBXFileReference; fileEncoding = 4; lastKnownFileType = sourcecode.swift; path = "String+macOS.swift"; sourceTree = "<group>"; };
/* End PBXFileReference section */

/* Begin PBXFrameworksBuildPhase section */
		C03658F41DC859D80051F06D /* Frameworks */ = {
			isa = PBXFrameworksBuildPhase;
			buildActionMask = 2147483647;
			files = (
			);
			runOnlyForDeploymentPostprocessing = 0;
		};
		C0782E331DEAB30800E1B99F /* Frameworks */ = {
			isa = PBXFrameworksBuildPhase;
			buildActionMask = 2147483647;
			files = (
			);
			runOnlyForDeploymentPostprocessing = 0;
		};
		C0E1C9471DD319D50068E85C /* Frameworks */ = {
			isa = PBXFrameworksBuildPhase;
			buildActionMask = 2147483647;
			files = (
			);
			runOnlyForDeploymentPostprocessing = 0;
		};
		C0E1C9501DD319D50068E85C /* Frameworks */ = {
			isa = PBXFrameworksBuildPhase;
			buildActionMask = 2147483647;
			files = (
				C0E1C9541DD319D50068E85C /* SwiftyAttributes.framework in Frameworks */,
			);
			runOnlyForDeploymentPostprocessing = 0;
		};
/* End PBXFrameworksBuildPhase section */

/* Begin PBXGroup section */
		9E0DA88A229B33F600E29BFD /* iOS_tvOS */ = {
			isa = PBXGroup;
			children = (
				9E0DA888229B2F8600E29BFD /* UIKit+SwiftyAttributes.swift */,
			);
			path = iOS_tvOS;
			sourceTree = "<group>";
		};
		C03658F81DC859D80051F06D /* ExampleApp-iOS */ = {
			isa = PBXGroup;
			children = (
				C03658F91DC859D80051F06D /* AppDelegate.swift */,
				C03658FB1DC859D80051F06D /* ViewController.swift */,
				C03658FD1DC859D80051F06D /* Main.storyboard */,
				C03659001DC859D80051F06D /* Assets.xcassets */,
				C03659021DC859D80051F06D /* LaunchScreen.storyboard */,
				C03659051DC859D80051F06D /* Info.plist */,
			);
			path = "ExampleApp-iOS";
			sourceTree = "<group>";
		};
		C0782E371DEAB30800E1B99F /* ExampleApp-macOS */ = {
			isa = PBXGroup;
			children = (
				C0782E381DEAB30800E1B99F /* AppDelegate.swift */,
				C0782E3A1DEAB30800E1B99F /* ViewController.swift */,
				C0782E3C1DEAB30800E1B99F /* Assets.xcassets */,
				C0782E3E1DEAB30800E1B99F /* Main.storyboard */,
				C0782E411DEAB30800E1B99F /* Info.plist */,
			);
			path = "ExampleApp-macOS";
			sourceTree = "<group>";
		};
		C0E211401D9EC5C000623F02 = {
			isa = PBXGroup;
			children = (
				C0E2114C1D9EC5C000623F02 /* SwiftyAttributes */,
				C0E211571D9EC5C000623F02 /* SwiftyAttributesTests */,
				C03658F81DC859D80051F06D /* ExampleApp-iOS */,
				C0782E371DEAB30800E1B99F /* ExampleApp-macOS */,
				C0E2114B1D9EC5C000623F02 /* Products */,
			);
			sourceTree = "<group>";
		};
		C0E2114B1D9EC5C000623F02 /* Products */ = {
			isa = PBXGroup;
			children = (
				C03658F71DC859D80051F06D /* ExampleApp-iOS.app */,
				C0E1C94B1DD319D50068E85C /* SwiftyAttributes.framework */,
				C0E1C9531DD319D50068E85C /* SwiftyAttributesTests.xctest */,
				C0782E361DEAB30800E1B99F /* ExampleApp-macOS.app */,
			);
			name = Products;
			sourceTree = "<group>";
		};
		C0E2114C1D9EC5C000623F02 /* SwiftyAttributes */ = {
			isa = PBXGroup;
			children = (
				C0F001791DDD972D009AD8E0 /* Supporting Files */,
				C0F001631DDD8E56009AD8E0 /* Sources */,
			);
			path = SwiftyAttributes;
			sourceTree = "<group>";
		};
		C0E211571D9EC5C000623F02 /* SwiftyAttributesTests */ = {
			isa = PBXGroup;
			children = (
				C027C0CA1DEA452500953C09 /* Attribute+Sequence_Tests.swift */,
				C08D04141DC3B16A00575F98 /* NSAttributedString_Tests.swift */,
				C08D04121DC39B5500575F98 /* NSMutableAttributedString_Tests.swift */,
				9E351CDA22A3DDAC000FA7FC /* NSString_Tests.swift */,
				C0335B651DC087A3009F9B51 /* Operators_Tests.swift */,
				C027C0C81DEA0A0100953C09 /* SpellingState_Tests.swift */,
				C0E211581D9EC5C000623F02 /* SwiftyAttributes_Tests.swift */,
				C0D753FA1DC5C77E00BB9754 /* TextEffect_Tests.swift */,
				9E0DA88D229B34D800E29BFD /* UIKit+SwiftyAttributes_Tests.swift */,
				C0F96A021DEDE1D300D039A4 /* VerticalGlyphForm_Tests.swift */,
				C0335B631DC0877C009F9B51 /* WritingDirection_Tests.swift */,
				C09633DA1DD8016800059332 /* Info.plist */,
			);
			path = SwiftyAttributesTests;
			sourceTree = "<group>";
		};
		C0F001631DDD8E56009AD8E0 /* Sources */ = {
			isa = PBXGroup;
			children = (
				C050821F1DFA72F700D39B3B /* Attribute.swift */,
				C050821E1DFA72F700D39B3B /* Attribute+Sequence.swift */,
				C05082211DFA72F700D39B3B /* Ligatures.swift */,
				C05082221DFA72F700D39B3B /* NSAttributedString+SwiftyAttributes.swift */,
				C05082231DFA72F700D39B3B /* NSMutableAttributedString+SwiftyAttributes.swift */,
				9EB6D1A222A1CAC200D00CFC /* NSString+SwiftyAttributes.swift */,
				C05082241DFA72F700D39B3B /* Operators.swift */,
				C05082251DFA72F700D39B3B /* String+SwiftyAttributes.swift */,
				C05082261DFA72F700D39B3B /* TextEffect.swift */,
				C05082271DFA72F700D39B3B /* VerticalGlyphForm.swift */,
				C05082281DFA72F700D39B3B /* WritingDirection.swift */,
				9E0DA88A229B33F600E29BFD /* iOS_tvOS */,
				C0F001661DDD8E56009AD8E0 /* macOS */,
			);
			path = Sources;
			sourceTree = "<group>";
		};
		C0F001661DDD8E56009AD8E0 /* macOS */ = {
			isa = PBXGroup;
			children = (
				C0DB42EB1DDED3500093A6FA /* NSAttributedString+macOS.swift */,
				9E28076F22A424320097CE8A /* NSString+macOS.swift */,
				C0F001751DDD8EA5009AD8E0 /* SpellingState.swift */,
				C0F96A041DEDE23200D039A4 /* String+macOS.swift */,
			);
			path = macOS;
			sourceTree = "<group>";
		};
		C0F001791DDD972D009AD8E0 /* Supporting Files */ = {
			isa = PBXGroup;
			children = (
				C09633DE1DD8057A00059332 /* Info.plist */,
				C09633DC1DD8056000059332 /* SwiftyAttributes.h */,
				C03658EF1DC84B3F0051F06D /* Images.xcassets */,
			);
			name = "Supporting Files";
			sourceTree = "<group>";
		};
/* End PBXGroup section */

/* Begin PBXHeadersBuildPhase section */
		C0E1C9481DD319D50068E85C /* Headers */ = {
			isa = PBXHeadersBuildPhase;
			buildActionMask = 2147483647;
			files = (
				C09633E01DD806F600059332 /* SwiftyAttributes.h in Headers */,
			);
			runOnlyForDeploymentPostprocessing = 0;
		};
/* End PBXHeadersBuildPhase section */

/* Begin PBXNativeTarget section */
		C03658F61DC859D80051F06D /* ExampleApp-iOS */ = {
			isa = PBXNativeTarget;
			buildConfigurationList = C03659061DC859D80051F06D /* Build configuration list for PBXNativeTarget "ExampleApp-iOS" */;
			buildPhases = (
				C03658F31DC859D80051F06D /* Sources */,
				C03658F41DC859D80051F06D /* Frameworks */,
				C03658F51DC859D80051F06D /* Resources */,
			);
			buildRules = (
			);
			dependencies = (
				C0782E471DEABEED00E1B99F /* PBXTargetDependency */,
			);
			name = "ExampleApp-iOS";
			productName = "ExampleApp-iOS";
			productReference = C03658F71DC859D80051F06D /* ExampleApp-iOS.app */;
			productType = "com.apple.product-type.application";
		};
		C0782E351DEAB30800E1B99F /* ExampleApp-macOS */ = {
			isa = PBXNativeTarget;
			buildConfigurationList = C0782E441DEAB30800E1B99F /* Build configuration list for PBXNativeTarget "ExampleApp-macOS" */;
			buildPhases = (
				C0782E321DEAB30800E1B99F /* Sources */,
				C0782E331DEAB30800E1B99F /* Frameworks */,
				C0782E341DEAB30800E1B99F /* Resources */,
			);
			buildRules = (
			);
			dependencies = (
				C0782E491DEABEF100E1B99F /* PBXTargetDependency */,
			);
			name = "ExampleApp-macOS";
			productName = "ExampleApp-macOS";
			productReference = C0782E361DEAB30800E1B99F /* ExampleApp-macOS.app */;
			productType = "com.apple.product-type.application";
		};
		C0E1C94A1DD319D50068E85C /* SwiftyAttributes */ = {
			isa = PBXNativeTarget;
			buildConfigurationList = C0E1C95C1DD319D50068E85C /* Build configuration list for PBXNativeTarget "SwiftyAttributes" */;
			buildPhases = (
				C0E1C9461DD319D50068E85C /* Sources */,
				C0E1C9471DD319D50068E85C /* Frameworks */,
				C0E1C9481DD319D50068E85C /* Headers */,
				C0E1C9491DD319D50068E85C /* Resources */,
			);
			buildRules = (
			);
			dependencies = (
			);
			name = SwiftyAttributes;
			productName = "SwiftyAttributes-macOS";
			productReference = C0E1C94B1DD319D50068E85C /* SwiftyAttributes.framework */;
			productType = "com.apple.product-type.framework";
		};
		C0E1C9521DD319D50068E85C /* SwiftyAttributesTests */ = {
			isa = PBXNativeTarget;
			buildConfigurationList = C0E1C95F1DD319D50068E85C /* Build configuration list for PBXNativeTarget "SwiftyAttributesTests" */;
			buildPhases = (
				C0E1C94F1DD319D50068E85C /* Sources */,
				C0E1C9501DD319D50068E85C /* Frameworks */,
				C0E1C9511DD319D50068E85C /* Resources */,
			);
			buildRules = (
			);
			dependencies = (
				C0E1C9561DD319D50068E85C /* PBXTargetDependency */,
			);
			name = SwiftyAttributesTests;
			productName = "SwiftyAttributes-macOSTests";
			productReference = C0E1C9531DD319D50068E85C /* SwiftyAttributesTests.xctest */;
			productType = "com.apple.product-type.bundle.unit-test";
		};
/* End PBXNativeTarget section */

/* Begin PBXProject section */
		C0E211411D9EC5C000623F02 /* Project object */ = {
			isa = PBXProject;
			attributes = {
				LastSwiftUpdateCheck = 0810;
				LastUpgradeCheck = 1020;
				ORGANIZATIONNAME = "Eddie Kaiger";
				TargetAttributes = {
					C03658F61DC859D80051F06D = {
						CreatedOnToolsVersion = 8.0;
						DevelopmentTeam = 5KT4ZVPMF8;
						ProvisioningStyle = Automatic;
					};
					C0782E351DEAB30800E1B99F = {
						CreatedOnToolsVersion = 8.1;
						ProvisioningStyle = Automatic;
					};
					C0E1C94A1DD319D50068E85C = {
						CreatedOnToolsVersion = 8.1;
						LastSwiftMigration = 1020;
						ProvisioningStyle = Manual;
					};
					C0E1C9521DD319D50068E85C = {
						CreatedOnToolsVersion = 8.1;
						DevelopmentTeam = 5KT4ZVPMF8;
						LastSwiftMigration = 1020;
						ProvisioningStyle = Automatic;
					};
				};
			};
			buildConfigurationList = C0E211441D9EC5C000623F02 /* Build configuration list for PBXProject "SwiftyAttributes" */;
			compatibilityVersion = "Xcode 3.2";
			developmentRegion = en;
			hasScannedForEncodings = 0;
			knownRegions = (
				en,
				Base,
			);
			mainGroup = C0E211401D9EC5C000623F02;
			productRefGroup = C0E2114B1D9EC5C000623F02 /* Products */;
			projectDirPath = "";
			projectRoot = "";
			targets = (
				C0E1C94A1DD319D50068E85C /* SwiftyAttributes */,
				C0E1C9521DD319D50068E85C /* SwiftyAttributesTests */,
				C03658F61DC859D80051F06D /* ExampleApp-iOS */,
				C0782E351DEAB30800E1B99F /* ExampleApp-macOS */,
			);
		};
/* End PBXProject section */

/* Begin PBXResourcesBuildPhase section */
		C03658F51DC859D80051F06D /* Resources */ = {
			isa = PBXResourcesBuildPhase;
			buildActionMask = 2147483647;
			files = (
				C03659041DC859D80051F06D /* LaunchScreen.storyboard in Resources */,
				C03659091DC85AE40051F06D /* Images.xcassets in Resources */,
				C03659011DC859D80051F06D /* Assets.xcassets in Resources */,
				C03658FF1DC859D80051F06D /* Main.storyboard in Resources */,
			);
			runOnlyForDeploymentPostprocessing = 0;
		};
		C0782E341DEAB30800E1B99F /* Resources */ = {
			isa = PBXResourcesBuildPhase;
			buildActionMask = 2147483647;
			files = (
				C0782E3D1DEAB30800E1B99F /* Assets.xcassets in Resources */,
				C0782E401DEAB30800E1B99F /* Main.storyboard in Resources */,
			);
			runOnlyForDeploymentPostprocessing = 0;
		};
		C0E1C9491DD319D50068E85C /* Resources */ = {
			isa = PBXResourcesBuildPhase;
			buildActionMask = 2147483647;
			files = (
			);
			runOnlyForDeploymentPostprocessing = 0;
		};
		C0E1C9511DD319D50068E85C /* Resources */ = {
			isa = PBXResourcesBuildPhase;
			buildActionMask = 2147483647;
			files = (
				C0E1C99C1DD31C640068E85C /* Images.xcassets in Resources */,
			);
			runOnlyForDeploymentPostprocessing = 0;
		};
/* End PBXResourcesBuildPhase section */

/* Begin PBXSourcesBuildPhase section */
		C03658F31DC859D80051F06D /* Sources */ = {
			isa = PBXSourcesBuildPhase;
			buildActionMask = 2147483647;
			files = (
				C03658FC1DC859D80051F06D /* ViewController.swift in Sources */,
				C03658FA1DC859D80051F06D /* AppDelegate.swift in Sources */,
			);
			runOnlyForDeploymentPostprocessing = 0;
		};
		C0782E321DEAB30800E1B99F /* Sources */ = {
			isa = PBXSourcesBuildPhase;
			buildActionMask = 2147483647;
			files = (
				C0782E3B1DEAB30800E1B99F /* ViewController.swift in Sources */,
				C0782E391DEAB30800E1B99F /* AppDelegate.swift in Sources */,
			);
			runOnlyForDeploymentPostprocessing = 0;
		};
		C0E1C9461DD319D50068E85C /* Sources */ = {
			isa = PBXSourcesBuildPhase;
			buildActionMask = 2147483647;
			files = (
				C050822A1DFA72F700D39B3B /* Attribute.swift in Sources */,
				C050822F1DFA72F700D39B3B /* Operators.swift in Sources */,
				C050822E1DFA72F700D39B3B /* NSMutableAttributedString+SwiftyAttributes.swift in Sources */,
				C05082331DFA72F700D39B3B /* WritingDirection.swift in Sources */,
				C050822C1DFA72F700D39B3B /* Ligatures.swift in Sources */,
				9E28077022A424320097CE8A /* NSString+macOS.swift in Sources */,
				C05082311DFA72F700D39B3B /* TextEffect.swift in Sources */,
				C05082301DFA72F700D39B3B /* String+SwiftyAttributes.swift in Sources */,
				C0DB42EC1DDED3500093A6FA /* NSAttributedString+macOS.swift in Sources */,
				C05082321DFA72F700D39B3B /* VerticalGlyphForm.swift in Sources */,
				C050822D1DFA72F700D39B3B /* NSAttributedString+SwiftyAttributes.swift in Sources */,
				9EB6D1A322A1CAC300D00CFC /* NSString+SwiftyAttributes.swift in Sources */,
				C0F96A051DEDE23200D039A4 /* String+macOS.swift in Sources */,
				C0F001761DDD8EA5009AD8E0 /* SpellingState.swift in Sources */,
				C05082291DFA72F700D39B3B /* Attribute+Sequence.swift in Sources */,
				9E0DA889229B2F8600E29BFD /* UIKit+SwiftyAttributes.swift in Sources */,
			);
			runOnlyForDeploymentPostprocessing = 0;
		};
		C0E1C94F1DD319D50068E85C /* Sources */ = {
			isa = PBXSourcesBuildPhase;
			buildActionMask = 2147483647;
			files = (
				C0E1C96E1DD31A0D0068E85C /* WritingDirection_Tests.swift in Sources */,
				C0E1C96B1DD31A0D0068E85C /* NSMutableAttributedString_Tests.swift in Sources */,
				C0E1C96D1DD31A0D0068E85C /* SwiftyAttributes_Tests.swift in Sources */,
				C0E1C9701DD31A0D0068E85C /* TextEffect_Tests.swift in Sources */,
				C027C0C91DEA0A0100953C09 /* SpellingState_Tests.swift in Sources */,
				C0F96A031DEDE1D300D039A4 /* VerticalGlyphForm_Tests.swift in Sources */,
				C027C0CB1DEA452500953C09 /* Attribute+Sequence_Tests.swift in Sources */,
				9E351CDB22A3DDAC000FA7FC /* NSString_Tests.swift in Sources */,
				9E0DA88E229B34D800E29BFD /* UIKit+SwiftyAttributes_Tests.swift in Sources */,
				C0E1C96F1DD31A0D0068E85C /* Operators_Tests.swift in Sources */,
				C0E1C96C1DD31A0D0068E85C /* NSAttributedString_Tests.swift in Sources */,
			);
			runOnlyForDeploymentPostprocessing = 0;
		};
/* End PBXSourcesBuildPhase section */

/* Begin PBXTargetDependency section */
		C0782E471DEABEED00E1B99F /* PBXTargetDependency */ = {
			isa = PBXTargetDependency;
			target = C0E1C94A1DD319D50068E85C /* SwiftyAttributes */;
			targetProxy = C0782E461DEABEED00E1B99F /* PBXContainerItemProxy */;
		};
		C0782E491DEABEF100E1B99F /* PBXTargetDependency */ = {
			isa = PBXTargetDependency;
			target = C0E1C94A1DD319D50068E85C /* SwiftyAttributes */;
			targetProxy = C0782E481DEABEF100E1B99F /* PBXContainerItemProxy */;
		};
		C0E1C9561DD319D50068E85C /* PBXTargetDependency */ = {
			isa = PBXTargetDependency;
			target = C0E1C94A1DD319D50068E85C /* SwiftyAttributes */;
			targetProxy = C0E1C9551DD319D50068E85C /* PBXContainerItemProxy */;
		};
/* End PBXTargetDependency section */

/* Begin PBXVariantGroup section */
		C03658FD1DC859D80051F06D /* Main.storyboard */ = {
			isa = PBXVariantGroup;
			children = (
				C03658FE1DC859D80051F06D /* Base */,
			);
			name = Main.storyboard;
			sourceTree = "<group>";
		};
		C03659021DC859D80051F06D /* LaunchScreen.storyboard */ = {
			isa = PBXVariantGroup;
			children = (
				C03659031DC859D80051F06D /* Base */,
			);
			name = LaunchScreen.storyboard;
			sourceTree = "<group>";
		};
		C0782E3E1DEAB30800E1B99F /* Main.storyboard */ = {
			isa = PBXVariantGroup;
			children = (
				C0782E3F1DEAB30800E1B99F /* Base */,
			);
			name = Main.storyboard;
			sourceTree = "<group>";
		};
/* End PBXVariantGroup section */

/* Begin XCBuildConfiguration section */
		C03659071DC859D80051F06D /* Debug */ = {
			isa = XCBuildConfiguration;
			buildSettings = {
				ASSETCATALOG_COMPILER_APPICON_NAME = AppIcon;
				CODE_SIGN_IDENTITY = "";
				"CODE_SIGN_IDENTITY[sdk=iphoneos*]" = "iPhone Developer";
				DEVELOPMENT_TEAM = 5KT4ZVPMF8;
				INFOPLIST_FILE = "ExampleApp-iOS/Info.plist";
				IPHONEOS_DEPLOYMENT_TARGET = 9.0;
				LD_RUNPATH_SEARCH_PATHS = "$(inherited) @executable_path/Frameworks";
				PRODUCT_BUNDLE_IDENTIFIER = "com.eddiekaiger.ExampleApp-iOS";
				PRODUCT_NAME = "$(TARGET_NAME)";
				SDKROOT = iphoneos;
				SUPPORTED_PLATFORMS = "iphonesimulator iphoneos";
				TARGETED_DEVICE_FAMILY = "1,2";
			};
			name = Debug;
		};
		C03659081DC859D80051F06D /* Release */ = {
			isa = XCBuildConfiguration;
			buildSettings = {
				ASSETCATALOG_COMPILER_APPICON_NAME = AppIcon;
				CODE_SIGN_IDENTITY = "";
				"CODE_SIGN_IDENTITY[sdk=iphoneos*]" = "iPhone Developer";
				DEVELOPMENT_TEAM = 5KT4ZVPMF8;
				INFOPLIST_FILE = "ExampleApp-iOS/Info.plist";
				IPHONEOS_DEPLOYMENT_TARGET = 9.0;
				LD_RUNPATH_SEARCH_PATHS = "$(inherited) @executable_path/Frameworks";
				PRODUCT_BUNDLE_IDENTIFIER = "com.eddiekaiger.ExampleApp-iOS";
				PRODUCT_NAME = "$(TARGET_NAME)";
				SDKROOT = iphoneos;
				SUPPORTED_PLATFORMS = "iphonesimulator iphoneos";
				TARGETED_DEVICE_FAMILY = "1,2";
			};
			name = Release;
		};
		C0782E421DEAB30800E1B99F /* Debug */ = {
			isa = XCBuildConfiguration;
			buildSettings = {
				ASSETCATALOG_COMPILER_APPICON_NAME = AppIcon;
				CODE_SIGN_IDENTITY = "-";
				COMBINE_HIDPI_IMAGES = YES;
				INFOPLIST_FILE = "ExampleApp-macOS/Info.plist";
				LD_RUNPATH_SEARCH_PATHS = "$(inherited) @executable_path/../Frameworks";
				MACOSX_DEPLOYMENT_TARGET = 10.11;
				PRODUCT_BUNDLE_IDENTIFIER = "com.eddiekaiger.ExampleApp-macOS";
				PRODUCT_NAME = "$(TARGET_NAME)";
				SDKROOT = macosx;
			};
			name = Debug;
		};
		C0782E431DEAB30800E1B99F /* Release */ = {
			isa = XCBuildConfiguration;
			buildSettings = {
				ASSETCATALOG_COMPILER_APPICON_NAME = AppIcon;
				CODE_SIGN_IDENTITY = "-";
				COMBINE_HIDPI_IMAGES = YES;
				INFOPLIST_FILE = "ExampleApp-macOS/Info.plist";
				LD_RUNPATH_SEARCH_PATHS = "$(inherited) @executable_path/../Frameworks";
				MACOSX_DEPLOYMENT_TARGET = 10.11;
				PRODUCT_BUNDLE_IDENTIFIER = "com.eddiekaiger.ExampleApp-macOS";
				PRODUCT_NAME = "$(TARGET_NAME)";
				SDKROOT = macosx;
			};
			name = Release;
		};
		C0E1C95D1DD319D50068E85C /* Debug */ = {
			isa = XCBuildConfiguration;
			buildSettings = {
				COMBINE_HIDPI_IMAGES = YES;
				DEFINES_MODULE = YES;
				DEVELOPMENT_TEAM = "";
				DYLIB_COMPATIBILITY_VERSION = 1;
				DYLIB_CURRENT_VERSION = 1;
				DYLIB_INSTALL_NAME_BASE = "@rpath";
				FRAMEWORK_VERSION = A;
				INFOPLIST_FILE = SwiftyAttributes/Info.plist;
				INSTALL_PATH = "$(LOCAL_LIBRARY_DIR)/Frameworks";
				LD_RUNPATH_SEARCH_PATHS = "$(inherited) @executable_path/Frameworks @loader_path/Frameworks";
				PRODUCT_BUNDLE_IDENTIFIER = com.eddiekaiger.SwiftyAttributes;
				PRODUCT_BUNDLE_PACKAGE_TYPE = FMWK;
				PRODUCT_NAME = SwiftyAttributes;
				SKIP_INSTALL = YES;
			};
			name = Debug;
		};
		C0E1C95E1DD319D50068E85C /* Release */ = {
			isa = XCBuildConfiguration;
			buildSettings = {
				COMBINE_HIDPI_IMAGES = YES;
				DEFINES_MODULE = YES;
				DEVELOPMENT_TEAM = "";
				DYLIB_COMPATIBILITY_VERSION = 1;
				DYLIB_CURRENT_VERSION = 1;
				DYLIB_INSTALL_NAME_BASE = "@rpath";
				FRAMEWORK_VERSION = A;
				INFOPLIST_FILE = SwiftyAttributes/Info.plist;
				INSTALL_PATH = "$(LOCAL_LIBRARY_DIR)/Frameworks";
				LD_RUNPATH_SEARCH_PATHS = "$(inherited) @executable_path/Frameworks @loader_path/Frameworks";
				PRODUCT_BUNDLE_IDENTIFIER = com.eddiekaiger.SwiftyAttributes;
				PRODUCT_BUNDLE_PACKAGE_TYPE = FMWK;
				PRODUCT_NAME = SwiftyAttributes;
				SKIP_INSTALL = YES;
			};
			name = Release;
		};
		C0E1C9601DD319D50068E85C /* Debug */ = {
			isa = XCBuildConfiguration;
			buildSettings = {
				ALWAYS_EMBED_SWIFT_STANDARD_LIBRARIES = YES;
				COMBINE_HIDPI_IMAGES = YES;
				INFOPLIST_FILE = SwiftyAttributes/Info.plist;
				LD_RUNPATH_SEARCH_PATHS = "$(inherited) @executable_path/../Frameworks @loader_path/../Frameworks @loader_path/Frameworks @executable_path/Frameworks";
				PRODUCT_BUNDLE_IDENTIFIER = com.eddiekaiger.SwiftyAttributesTests;
				PRODUCT_NAME = "$(TARGET_NAME)";
			};
			name = Debug;
		};
		C0E1C9611DD319D50068E85C /* Release */ = {
			isa = XCBuildConfiguration;
			buildSettings = {
				ALWAYS_EMBED_SWIFT_STANDARD_LIBRARIES = YES;
				COMBINE_HIDPI_IMAGES = YES;
				INFOPLIST_FILE = SwiftyAttributes/Info.plist;
				LD_RUNPATH_SEARCH_PATHS = "$(inherited) @executable_path/../Frameworks @loader_path/../Frameworks @loader_path/Frameworks @executable_path/Frameworks";
				PRODUCT_BUNDLE_IDENTIFIER = com.eddiekaiger.SwiftyAttributesTests;
				PRODUCT_NAME = "$(TARGET_NAME)";
			};
			name = Release;
		};
		C0E2115C1D9EC5C000623F02 /* Debug */ = {
			isa = XCBuildConfiguration;
			buildSettings = {
				ALWAYS_SEARCH_USER_PATHS = NO;
				CLANG_ANALYZER_LOCALIZABILITY_NONLOCALIZED = YES;
				CLANG_ANALYZER_NONNULL = YES;
				CLANG_CXX_LANGUAGE_STANDARD = "gnu++0x";
				CLANG_CXX_LIBRARY = "libc++";
				CLANG_ENABLE_MODULES = YES;
				CLANG_ENABLE_OBJC_ARC = YES;
				CLANG_WARN_BLOCK_CAPTURE_AUTORELEASING = YES;
				CLANG_WARN_BOOL_CONVERSION = YES;
				CLANG_WARN_COMMA = YES;
				CLANG_WARN_CONSTANT_CONVERSION = YES;
				CLANG_WARN_DEPRECATED_OBJC_IMPLEMENTATIONS = YES;
				CLANG_WARN_DIRECT_OBJC_ISA_USAGE = YES_ERROR;
				CLANG_WARN_DOCUMENTATION_COMMENTS = YES;
				CLANG_WARN_EMPTY_BODY = YES;
				CLANG_WARN_ENUM_CONVERSION = YES;
				CLANG_WARN_INFINITE_RECURSION = YES;
				CLANG_WARN_INT_CONVERSION = YES;
				CLANG_WARN_NON_LITERAL_NULL_CONVERSION = YES;
				CLANG_WARN_OBJC_IMPLICIT_RETAIN_SELF = YES;
				CLANG_WARN_OBJC_LITERAL_CONVERSION = YES;
				CLANG_WARN_OBJC_ROOT_CLASS = YES_ERROR;
				CLANG_WARN_RANGE_LOOP_ANALYSIS = YES;
				CLANG_WARN_STRICT_PROTOTYPES = YES;
				CLANG_WARN_SUSPICIOUS_MOVE = YES;
				CLANG_WARN_SUSPICIOUS_MOVES = YES;
				CLANG_WARN_UNREACHABLE_CODE = YES;
				CLANG_WARN__DUPLICATE_METHOD_MATCH = YES;
				COPY_PHASE_STRIP = NO;
				CURRENT_PROJECT_VERSION = 1;
				DEBUG_INFORMATION_FORMAT = dwarf;
				ENABLE_STRICT_OBJC_MSGSEND = YES;
				ENABLE_TESTABILITY = YES;
				GCC_C_LANGUAGE_STANDARD = gnu99;
				GCC_DYNAMIC_NO_PIC = NO;
				GCC_NO_COMMON_BLOCKS = YES;
				GCC_OPTIMIZATION_LEVEL = 0;
				GCC_PREPROCESSOR_DEFINITIONS = (
					"DEBUG=1",
					"$(inherited)",
				);
				GCC_WARN_64_TO_32_BIT_CONVERSION = YES;
				GCC_WARN_ABOUT_RETURN_TYPE = YES_ERROR;
				GCC_WARN_UNDECLARED_SELECTOR = YES;
				GCC_WARN_UNINITIALIZED_AUTOS = YES_AGGRESSIVE;
				GCC_WARN_UNUSED_FUNCTION = YES;
				GCC_WARN_UNUSED_VARIABLE = YES;
				IPHONEOS_DEPLOYMENT_TARGET = 9.0;
				MACOSX_DEPLOYMENT_TARGET = 10.11;
				MTL_ENABLE_DEBUG_INFO = YES;
				ONLY_ACTIVE_ARCH = YES;
				PRODUCT_BUNDLE_PACKAGE_TYPE = BNDL;
				SUPPORTED_PLATFORMS = "watchsimulator watchos appletvos appletvsimulator iphoneos iphonesimulator macosx";
				SWIFT_ACTIVE_COMPILATION_CONDITIONS = DEBUG;
				SWIFT_OPTIMIZATION_LEVEL = "-Onone";
				SWIFT_VERSION = 5.0;
				TARGETED_DEVICE_FAMILY = "1,2,3,4";
				TVOS_DEPLOYMENT_TARGET = 9.0;
				VERSIONING_SYSTEM = "apple-generic";
				VERSION_INFO_PREFIX = "";
				WATCHOS_DEPLOYMENT_TARGET = 2.0;
			};
			name = Debug;
		};
		C0E2115D1D9EC5C000623F02 /* Release */ = {
			isa = XCBuildConfiguration;
			buildSettings = {
				ALWAYS_SEARCH_USER_PATHS = NO;
				CLANG_ANALYZER_LOCALIZABILITY_NONLOCALIZED = YES;
				CLANG_ANALYZER_NONNULL = YES;
				CLANG_CXX_LANGUAGE_STANDARD = "gnu++0x";
				CLANG_CXX_LIBRARY = "libc++";
				CLANG_ENABLE_MODULES = YES;
				CLANG_ENABLE_OBJC_ARC = YES;
				CLANG_WARN_BLOCK_CAPTURE_AUTORELEASING = YES;
				CLANG_WARN_BOOL_CONVERSION = YES;
				CLANG_WARN_COMMA = YES;
				CLANG_WARN_CONSTANT_CONVERSION = YES;
				CLANG_WARN_DEPRECATED_OBJC_IMPLEMENTATIONS = YES;
				CLANG_WARN_DIRECT_OBJC_ISA_USAGE = YES_ERROR;
				CLANG_WARN_DOCUMENTATION_COMMENTS = YES;
				CLANG_WARN_EMPTY_BODY = YES;
				CLANG_WARN_ENUM_CONVERSION = YES;
				CLANG_WARN_INFINITE_RECURSION = YES;
				CLANG_WARN_INT_CONVERSION = YES;
				CLANG_WARN_NON_LITERAL_NULL_CONVERSION = YES;
				CLANG_WARN_OBJC_IMPLICIT_RETAIN_SELF = YES;
				CLANG_WARN_OBJC_LITERAL_CONVERSION = YES;
				CLANG_WARN_OBJC_ROOT_CLASS = YES_ERROR;
				CLANG_WARN_RANGE_LOOP_ANALYSIS = YES;
				CLANG_WARN_STRICT_PROTOTYPES = YES;
				CLANG_WARN_SUSPICIOUS_MOVE = YES;
				CLANG_WARN_SUSPICIOUS_MOVES = YES;
				CLANG_WARN_UNREACHABLE_CODE = YES;
				CLANG_WARN__DUPLICATE_METHOD_MATCH = YES;
				COPY_PHASE_STRIP = NO;
				CURRENT_PROJECT_VERSION = 1;
				DEBUG_INFORMATION_FORMAT = "dwarf-with-dsym";
				ENABLE_NS_ASSERTIONS = NO;
				ENABLE_STRICT_OBJC_MSGSEND = YES;
				GCC_C_LANGUAGE_STANDARD = gnu99;
				GCC_NO_COMMON_BLOCKS = YES;
				GCC_WARN_64_TO_32_BIT_CONVERSION = YES;
				GCC_WARN_ABOUT_RETURN_TYPE = YES_ERROR;
				GCC_WARN_UNDECLARED_SELECTOR = YES;
				GCC_WARN_UNINITIALIZED_AUTOS = YES_AGGRESSIVE;
				GCC_WARN_UNUSED_FUNCTION = YES;
				GCC_WARN_UNUSED_VARIABLE = YES;
				IPHONEOS_DEPLOYMENT_TARGET = 9.0;
				MACOSX_DEPLOYMENT_TARGET = 10.11;
				MTL_ENABLE_DEBUG_INFO = NO;
				PRODUCT_BUNDLE_PACKAGE_TYPE = BNDL;
				SUPPORTED_PLATFORMS = "watchsimulator watchos appletvos appletvsimulator iphoneos iphonesimulator macosx";
				SWIFT_OPTIMIZATION_LEVEL = "-Owholemodule";
				SWIFT_VERSION = 5.0;
				TARGETED_DEVICE_FAMILY = "1,2,3,4";
				TVOS_DEPLOYMENT_TARGET = 9.0;
				VALIDATE_PRODUCT = YES;
				VERSIONING_SYSTEM = "apple-generic";
				VERSION_INFO_PREFIX = "";
				WATCHOS_DEPLOYMENT_TARGET = 2.0;
			};
			name = Release;
		};
/* End XCBuildConfiguration section */

/* Begin XCConfigurationList section */
		C03659061DC859D80051F06D /* Build configuration list for PBXNativeTarget "ExampleApp-iOS" */ = {
			isa = XCConfigurationList;
			buildConfigurations = (
				C03659071DC859D80051F06D /* Debug */,
				C03659081DC859D80051F06D /* Release */,
			);
			defaultConfigurationIsVisible = 0;
			defaultConfigurationName = Release;
		};
		C0782E441DEAB30800E1B99F /* Build configuration list for PBXNativeTarget "ExampleApp-macOS" */ = {
			isa = XCConfigurationList;
			buildConfigurations = (
				C0782E421DEAB30800E1B99F /* Debug */,
				C0782E431DEAB30800E1B99F /* Release */,
			);
			defaultConfigurationIsVisible = 0;
			defaultConfigurationName = Release;
		};
		C0E1C95C1DD319D50068E85C /* Build configuration list for PBXNativeTarget "SwiftyAttributes" */ = {
			isa = XCConfigurationList;
			buildConfigurations = (
				C0E1C95D1DD319D50068E85C /* Debug */,
				C0E1C95E1DD319D50068E85C /* Release */,
			);
			defaultConfigurationIsVisible = 0;
			defaultConfigurationName = Release;
		};
		C0E1C95F1DD319D50068E85C /* Build configuration list for PBXNativeTarget "SwiftyAttributesTests" */ = {
			isa = XCConfigurationList;
			buildConfigurations = (
				C0E1C9601DD319D50068E85C /* Debug */,
				C0E1C9611DD319D50068E85C /* Release */,
			);
			defaultConfigurationIsVisible = 0;
			defaultConfigurationName = Release;
		};
		C0E211441D9EC5C000623F02 /* Build configuration list for PBXProject "SwiftyAttributes" */ = {
			isa = XCConfigurationList;
			buildConfigurations = (
				C0E2115C1D9EC5C000623F02 /* Debug */,
				C0E2115D1D9EC5C000623F02 /* Release */,
			);
			defaultConfigurationIsVisible = 0;
			defaultConfigurationName = Release;
		};
/* End XCConfigurationList section */
	};
	rootObject = C0E211411D9EC5C000623F02 /* Project object */;
}
